
Microsoft Visual Studio Solution File, Format Version 12.00
# Visual Studio 15
VisualStudioVersion = 15.0.27703.2035
MinimumVisualStudioVersion = 10.0.40219.1
Project("{FAE04EC0-301F-11D3-BF4B-00C04F79EFBC}") = "danielCherrin_MajorAppIntClocks.Android", "danielCherrin_MajorAppIntClocks\danielCherrin_MajorAppIntClocks.Android\danielCherrin_MajorAppIntClocks.Android.csproj", "{85916DF7-05BE-4B4E-8F99-974C9C23C000}"
EndProject
Project("{FAE04EC0-301F-11D3-BF4B-00C04F79EFBC}") = "danielCherrin_MajorAppIntClocks.iOS", "danielCherrin_MajorAppIntClocks\danielCherrin_MajorAppIntClocks.iOS\danielCherrin_MajorAppIntClocks.iOS.csproj", "{2B979C99-F245-4831-9DBF-4826552A6563}"
EndProject
Project("{FAE04EC0-301F-11D3-BF4B-00C04F79EFBC}") = "danielCherrin_MajorAppIntClocks.UWP", "danielCherrin_MajorAppIntClocks\danielCherrin_MajorAppIntClocks.UWP\danielCherrin_MajorAppIntClocks.UWP.csproj", "{18CF7FCC-C9C8-4C8E-8590-09B21990A316}"
EndProject
Project("{FAE04EC0-301F-11D3-BF4B-00C04F79EFBC}") = "danielCherrin_MajorAppIntClocks", "danielCherrin_MajorAppIntClocks\danielCherrin_MajorAppIntClocks\danielCherrin_MajorAppIntClocks.csproj", "{9E2D5BFA-E602-41BA-BCAF-FF81AEE7058A}"
EndProject
Project("{FAE04EC0-301F-11D3-BF4B-00C04F79EFBC}") = "ClassUnitTests", "ClassUnitTests\ClassUnitTests.csproj", "{E76B3E7D-E0F3-4617-85F3-F565E98D9124}"
EndProject
Global
	GlobalSection(SolutionConfigurationPlatforms) = preSolution
		Ad-Hoc|Any CPU = Ad-Hoc|Any CPU
		Ad-Hoc|ARM = Ad-Hoc|ARM
		Ad-Hoc|iPhone = Ad-Hoc|iPhone
		Ad-Hoc|iPhoneSimulator = Ad-Hoc|iPhoneSimulator
		Ad-Hoc|x64 = Ad-Hoc|x64
		Ad-Hoc|x86 = Ad-Hoc|x86
		AppStore|Any CPU = AppStore|Any CPU
		AppStore|ARM = AppStore|ARM
		AppStore|iPhone = AppStore|iPhone
		AppStore|iPhoneSimulator = AppStore|iPhoneSimulator
		AppStore|x64 = AppStore|x64
		AppStore|x86 = AppStore|x86
		Debug|Any CPU = Debug|Any CPU
		Debug|ARM = Debug|ARM
		Debug|iPhone = Debug|iPhone
		Debug|iPhoneSimulator = Debug|iPhoneSimulator
		Debug|x64 = Debug|x64
		Debug|x86 = Debug|x86
		Release|Any CPU = Release|Any CPU
		Release|ARM = Release|ARM
		Release|iPhone = Release|iPhone
		Release|iPhoneSimulator = Release|iPhoneSimulator
		Release|x64 = Release|x64
		Release|x86 = Release|x86
	EndGlobalSection
	GlobalSection(ProjectConfigurationPlatforms) = postSolution
		{85916DF7-05BE-4B4E-8F99-974C9C23C000}.Ad-Hoc|Any CPU.ActiveCfg = Release|Any CPU
		{85916DF7-05BE-4B4E-8F99-974C9C23C000}.Ad-Hoc|Any CPU.Build.0 = Release|Any CPU
		{85916DF7-05BE-4B4E-8F99-974C9C23C000}.Ad-Hoc|Any CPU.Deploy.0 = Release|Any CPU
		{85916DF7-05BE-4B4E-8F99-974C9C23C000}.Ad-Hoc|ARM.ActiveCfg = Release|Any CPU
		{85916DF7-05BE-4B4E-8F99-974C9C23C000}.Ad-Hoc|ARM.Build.0 = Release|Any CPU
		{85916DF7-05BE-4B4E-8F99-974C9C23C000}.Ad-Hoc|ARM.Deploy.0 = Release|Any CPU
		{85916DF7-05BE-4B4E-8F99-974C9C23C000}.Ad-Hoc|iPhone.ActiveCfg = Release|Any CPU
		{85916DF7-05BE-4B4E-8F99-974C9C23C000}.Ad-Hoc|iPhone.Build.0 = Release|Any CPU
		{85916DF7-05BE-4B4E-8F99-974C9C23C000}.Ad-Hoc|iPhone.Deploy.0 = Release|Any CPU
		{85916DF7-05BE-4B4E-8F99-974C9C23C000}.Ad-Hoc|iPhoneSimulator.ActiveCfg = Release|Any CPU
		{85916DF7-05BE-4B4E-8F99-974C9C23C000}.Ad-Hoc|iPhoneSimulator.Build.0 = Release|Any CPU
		{85916DF7-05BE-4B4E-8F99-974C9C23C000}.Ad-Hoc|iPhoneSimulator.Deploy.0 = Release|Any CPU
		{85916DF7-05BE-4B4E-8F99-974C9C23C000}.Ad-Hoc|x64.ActiveCfg = Release|Any CPU
		{85916DF7-05BE-4B4E-8F99-974C9C23C000}.Ad-Hoc|x64.Build.0 = Release|Any CPU
		{85916DF7-05BE-4B4E-8F99-974C9C23C000}.Ad-Hoc|x64.Deploy.0 = Release|Any CPU
		{85916DF7-05BE-4B4E-8F99-974C9C23C000}.Ad-Hoc|x86.ActiveCfg = Release|Any CPU
		{85916DF7-05BE-4B4E-8F99-974C9C23C000}.Ad-Hoc|x86.Build.0 = Release|Any CPU
		{85916DF7-05BE-4B4E-8F99-974C9C23C000}.Ad-Hoc|x86.Deploy.0 = Release|Any CPU
		{85916DF7-05BE-4B4E-8F99-974C9C23C000}.AppStore|Any CPU.ActiveCfg = Release|Any CPU
		{85916DF7-05BE-4B4E-8F99-974C9C23C000}.AppStore|Any CPU.Build.0 = Release|Any CPU
		{85916DF7-05BE-4B4E-8F99-974C9C23C000}.AppStore|Any CPU.Deploy.0 = Release|Any CPU
		{85916DF7-05BE-4B4E-8F99-974C9C23C000}.AppStore|ARM.ActiveCfg = Release|Any CPU
		{85916DF7-05BE-4B4E-8F99-974C9C23C000}.AppStore|ARM.Build.0 = Release|Any CPU
		{85916DF7-05BE-4B4E-8F99-974C9C23C000}.AppStore|ARM.Deploy.0 = Release|Any CPU
		{85916DF7-05BE-4B4E-8F99-974C9C23C000}.AppStore|iPhone.ActiveCfg = Release|Any CPU
		{85916DF7-05BE-4B4E-8F99-974C9C23C000}.AppStore|iPhone.Build.0 = Release|Any CPU
		{85916DF7-05BE-4B4E-8F99-974C9C23C000}.AppStore|iPhone.Deploy.0 = Release|Any CPU
		{85916DF7-05BE-4B4E-8F99-974C9C23C000}.AppStore|iPhoneSimulator.ActiveCfg = Release|Any CPU
		{85916DF7-05BE-4B4E-8F99-974C9C23C000}.AppStore|iPhoneSimulator.Build.0 = Release|Any CPU
		{85916DF7-05BE-4B4E-8F99-974C9C23C000}.AppStore|iPhoneSimulator.Deploy.0 = Release|Any CPU
		{85916DF7-05BE-4B4E-8F99-974C9C23C000}.AppStore|x64.ActiveCfg = Release|Any CPU
		{85916DF7-05BE-4B4E-8F99-974C9C23C000}.AppStore|x64.Build.0 = Release|Any CPU
		{85916DF7-05BE-4B4E-8F99-974C9C23C000}.AppStore|x64.Deploy.0 = Release|Any CPU
		{85916DF7-05BE-4B4E-8F99-974C9C23C000}.AppStore|x86.ActiveCfg = Release|Any CPU
		{85916DF7-05BE-4B4E-8F99-974C9C23C000}.AppStore|x86.Build.0 = Release|Any CPU
		{85916DF7-05BE-4B4E-8F99-974C9C23C000}.AppStore|x86.Deploy.0 = Release|Any CPU
		{85916DF7-05BE-4B4E-8F99-974C9C23C000}.Debug|Any CPU.ActiveCfg = Debug|Any CPU
		{85916DF7-05BE-4B4E-8F99-974C9C23C000}.Debug|Any CPU.Build.0 = Debug|Any CPU
		{85916DF7-05BE-4B4E-8F99-974C9C23C000}.Debug|Any CPU.Deploy.0 = Debug|Any CPU
		{85916DF7-05BE-4B4E-8F99-974C9C23C000}.Debug|ARM.ActiveCfg = Debug|Any CPU
		{85916DF7-05BE-4B4E-8F99-974C9C23C000}.Debug|ARM.Build.0 = Debug|Any CPU
		{85916DF7-05BE-4B4E-8F99-974C9C23C000}.Debug|ARM.Deploy.0 = Debug|Any CPU
		{85916DF7-05BE-4B4E-8F99-974C9C23C000}.Debug|iPhone.ActiveCfg = Debug|Any CPU
		{85916DF7-05BE-4B4E-8F99-974C9C23C000}.Debug|iPhone.Build.0 = Debug|Any CPU
		{85916DF7-05BE-4B4E-8F99-974C9C23C000}.Debug|iPhone.Deploy.0 = Debug|Any CPU
		{85916DF7-05BE-4B4E-8F99-974C9C23C000}.Debug|iPhoneSimulator.ActiveCfg = Debug|Any CPU
		{85916DF7-05BE-4B4E-8F99-974C9C23C000}.Debug|iPhoneSimulator.Build.0 = Debug|Any CPU
		{85916DF7-05BE-4B4E-8F99-974C9C23C000}.Debug|iPhoneSimulator.Deploy.0 = Debug|Any CPU
		{85916DF7-05BE-4B4E-8F99-974C9C23C000}.Debug|x64.ActiveCfg = Debug|Any CPU
		{85916DF7-05BE-4B4E-8F99-974C9C23C000}.Debug|x64.Build.0 = Debug|Any CPU
		{85916DF7-05BE-4B4E-8F99-974C9C23C000}.Debug|x64.Deploy.0 = Debug|Any CPU
		{85916DF7-05BE-4B4E-8F99-974C9C23C000}.Debug|x86.ActiveCfg = Debug|Any CPU
		{85916DF7-05BE-4B4E-8F99-974C9C23C000}.Debug|x86.Build.0 = Debug|Any CPU
		{85916DF7-05BE-4B4E-8F99-974C9C23C000}.Debug|x86.Deploy.0 = Debug|Any CPU
		{85916DF7-05BE-4B4E-8F99-974C9C23C000}.Release|Any CPU.ActiveCfg = Release|Any CPU
		{85916DF7-05BE-4B4E-8F99-974C9C23C000}.Release|Any CPU.Build.0 = Release|Any CPU
		{85916DF7-05BE-4B4E-8F99-974C9C23C000}.Release|Any CPU.Deploy.0 = Release|Any CPU
		{85916DF7-05BE-4B4E-8F99-974C9C23C000}.Release|ARM.ActiveCfg = Release|Any CPU
		{85916DF7-05BE-4B4E-8F99-974C9C23C000}.Release|ARM.Build.0 = Release|Any CPU
		{85916DF7-05BE-4B4E-8F99-974C9C23C000}.Release|ARM.Deploy.0 = Release|Any CPU
		{85916DF7-05BE-4B4E-8F99-974C9C23C000}.Release|iPhone.ActiveCfg = Release|Any CPU
		{85916DF7-05BE-4B4E-8F99-974C9C23C000}.Release|iPhone.Build.0 = Release|Any CPU
		{85916DF7-05BE-4B4E-8F99-974C9C23C000}.Release|iPhone.Deploy.0 = Release|Any CPU
		{85916DF7-05BE-4B4E-8F99-974C9C23C000}.Release|iPhoneSimulator.ActiveCfg = Release|Any CPU
		{85916DF7-05BE-4B4E-8F99-974C9C23C000}.Release|iPhoneSimulator.Build.0 = Release|Any CPU
		{85916DF7-05BE-4B4E-8F99-974C9C23C000}.Release|iPhoneSimulator.Deploy.0 = Release|Any CPU
		{85916DF7-05BE-4B4E-8F99-974C9C23C000}.Release|x64.ActiveCfg = Release|Any CPU
		{85916DF7-05BE-4B4E-8F99-974C9C23C000}.Release|x64.Build.0 = Release|Any CPU
		{85916DF7-05BE-4B4E-8F99-974C9C23C000}.Release|x64.Deploy.0 = Release|Any CPU
		{85916DF7-05BE-4B4E-8F99-974C9C23C000}.Release|x86.ActiveCfg = Release|Any CPU
		{85916DF7-05BE-4B4E-8F99-974C9C23C000}.Release|x86.Build.0 = Release|Any CPU
		{85916DF7-05BE-4B4E-8F99-974C9C23C000}.Release|x86.Deploy.0 = Release|Any CPU
		{2B979C99-F245-4831-9DBF-4826552A6563}.Ad-Hoc|Any CPU.ActiveCfg = Ad-Hoc|iPhone
		{2B979C99-F245-4831-9DBF-4826552A6563}.Ad-Hoc|Any CPU.Build.0 = Ad-Hoc|iPhone
		{2B979C99-F245-4831-9DBF-4826552A6563}.Ad-Hoc|Any CPU.Deploy.0 = Ad-Hoc|iPhone
		{2B979C99-F245-4831-9DBF-4826552A6563}.Ad-Hoc|ARM.ActiveCfg = Ad-Hoc|iPhone
		{2B979C99-F245-4831-9DBF-4826552A6563}.Ad-Hoc|ARM.Build.0 = Ad-Hoc|iPhone
		{2B979C99-F245-4831-9DBF-4826552A6563}.Ad-Hoc|ARM.Deploy.0 = Ad-Hoc|iPhone
		{2B979C99-F245-4831-9DBF-4826552A6563}.Ad-Hoc|iPhone.ActiveCfg = Ad-Hoc|iPhone
		{2B979C99-F245-4831-9DBF-4826552A6563}.Ad-Hoc|iPhone.Build.0 = Ad-Hoc|iPhone
		{2B979C99-F245-4831-9DBF-4826552A6563}.Ad-Hoc|iPhone.Deploy.0 = Ad-Hoc|iPhone
		{2B979C99-F245-4831-9DBF-4826552A6563}.Ad-Hoc|iPhoneSimulator.ActiveCfg = Ad-Hoc|iPhoneSimulator
		{2B979C99-F245-4831-9DBF-4826552A6563}.Ad-Hoc|iPhoneSimulator.Build.0 = Ad-Hoc|iPhoneSimulator
		{2B979C99-F245-4831-9DBF-4826552A6563}.Ad-Hoc|iPhoneSimulator.Deploy.0 = Ad-Hoc|iPhoneSimulator
		{2B979C99-F245-4831-9DBF-4826552A6563}.Ad-Hoc|x64.ActiveCfg = Ad-Hoc|iPhone
		{2B979C99-F245-4831-9DBF-4826552A6563}.Ad-Hoc|x64.Build.0 = Ad-Hoc|iPhone
		{2B979C99-F245-4831-9DBF-4826552A6563}.Ad-Hoc|x64.Deploy.0 = Ad-Hoc|iPhone
		{2B979C99-F245-4831-9DBF-4826552A6563}.Ad-Hoc|x86.ActiveCfg = Ad-Hoc|iPhone
		{2B979C99-F245-4831-9DBF-4826552A6563}.Ad-Hoc|x86.Build.0 = Ad-Hoc|iPhone
		{2B979C99-F245-4831-9DBF-4826552A6563}.Ad-Hoc|x86.Deploy.0 = Ad-Hoc|iPhone
		{2B979C99-F245-4831-9DBF-4826552A6563}.AppStore|Any CPU.ActiveCfg = AppStore|iPhone
		{2B979C99-F245-4831-9DBF-4826552A6563}.AppStore|Any CPU.Build.0 = AppStore|iPhone
		{2B979C99-F245-4831-9DBF-4826552A6563}.AppStore|Any CPU.Deploy.0 = AppStore|iPhone
		{2B979C99-F245-4831-9DBF-4826552A6563}.AppStore|ARM.ActiveCfg = AppStore|iPhone
		{2B979C99-F245-4831-9DBF-4826552A6563}.AppStore|ARM.Build.0 = AppStore|iPhone
		{2B979C99-F245-4831-9DBF-4826552A6563}.AppStore|ARM.Deploy.0 = AppStore|iPhone
		{2B979C99-F245-4831-9DBF-4826552A6563}.AppStore|iPhone.ActiveCfg = AppStore|iPhone
		{2B979C99-F245-4831-9DBF-4826552A6563}.AppStore|iPhone.Build.0 = AppStore|iPhone
		{2B979C99-F245-4831-9DBF-4826552A6563}.AppStore|iPhone.Deploy.0 = AppStore|iPhone
		{2B979C99-F245-4831-9DBF-4826552A6563}.AppStore|iPhoneSimulator.ActiveCfg = AppStore|iPhoneSimulator
		{2B979C99-F245-4831-9DBF-4826552A6563}.AppStore|iPhoneSimulator.Build.0 = AppStore|iPhoneSimulator
		{2B979C99-F245-4831-9DBF-4826552A6563}.AppStore|iPhoneSimulator.Deploy.0 = AppStore|iPhoneSimulator
		{2B979C99-F245-4831-9DBF-4826552A6563}.AppStore|x64.ActiveCfg = AppStore|iPhone
		{2B979C99-F245-4831-9DBF-4826552A6563}.AppStore|x64.Build.0 = AppStore|iPhone
		{2B979C99-F245-4831-9DBF-4826552A6563}.AppStore|x64.Deploy.0 = AppStore|iPhone
		{2B979C99-F245-4831-9DBF-4826552A6563}.AppStore|x86.ActiveCfg = AppStore|iPhone
		{2B979C99-F245-4831-9DBF-4826552A6563}.AppStore|x86.Build.0 = AppStore|iPhone
		{2B979C99-F245-4831-9DBF-4826552A6563}.AppStore|x86.Deploy.0 = AppStore|iPhone
		{2B979C99-F245-4831-9DBF-4826552A6563}.Debug|Any CPU.ActiveCfg = Debug|iPhoneSimulator
		{2B979C99-F245-4831-9DBF-4826552A6563}.Debug|Any CPU.Build.0 = Debug|iPhoneSimulator
		{2B979C99-F245-4831-9DBF-4826552A6563}.Debug|Any CPU.Deploy.0 = Debug|iPhoneSimulator
		{2B979C99-F245-4831-9DBF-4826552A6563}.Debug|ARM.ActiveCfg = Debug|iPhone
		{2B979C99-F245-4831-9DBF-4826552A6563}.Debug|ARM.Build.0 = Debug|iPhone
		{2B979C99-F245-4831-9DBF-4826552A6563}.Debug|ARM.Deploy.0 = Debug|iPhone
		{2B979C99-F245-4831-9DBF-4826552A6563}.Debug|iPhone.ActiveCfg = Debug|iPhone
		{2B979C99-F245-4831-9DBF-4826552A6563}.Debug|iPhone.Build.0 = Debug|iPhone
		{2B979C99-F245-4831-9DBF-4826552A6563}.Debug|iPhone.Deploy.0 = Debug|iPhone
		{2B979C99-F245-4831-9DBF-4826552A6563}.Debug|iPhoneSimulator.ActiveCfg = Debug|iPhoneSimulator
		{2B979C99-F245-4831-9DBF-4826552A6563}.Debug|iPhoneSimulator.Build.0 = Debug|iPhoneSimulator
		{2B979C99-F245-4831-9DBF-4826552A6563}.Debug|iPhoneSimulator.Deploy.0 = Debug|iPhoneSimulator
		{2B979C99-F245-4831-9DBF-4826552A6563}.Debug|x64.ActiveCfg = Debug|iPhone
		{2B979C99-F245-4831-9DBF-4826552A6563}.Debug|x64.Build.0 = Debug|iPhone
		{2B979C99-F245-4831-9DBF-4826552A6563}.Debug|x64.Deploy.0 = Debug|iPhone
		{2B979C99-F245-4831-9DBF-4826552A6563}.Debug|x86.ActiveCfg = Debug|iPhone
		{2B979C99-F245-4831-9DBF-4826552A6563}.Debug|x86.Build.0 = Debug|iPhone
		{2B979C99-F245-4831-9DBF-4826552A6563}.Debug|x86.Deploy.0 = Debug|iPhone
		{2B979C99-F245-4831-9DBF-4826552A6563}.Release|Any CPU.ActiveCfg = Release|iPhone
		{2B979C99-F245-4831-9DBF-4826552A6563}.Release|Any CPU.Build.0 = Release|iPhone
		{2B979C99-F245-4831-9DBF-4826552A6563}.Release|Any CPU.Deploy.0 = Release|iPhone
		{2B979C99-F245-4831-9DBF-4826552A6563}.Release|ARM.ActiveCfg = Release|iPhone
		{2B979C99-F245-4831-9DBF-4826552A6563}.Release|ARM.Build.0 = Release|iPhone
		{2B979C99-F245-4831-9DBF-4826552A6563}.Release|ARM.Deploy.0 = Release|iPhone
		{2B979C99-F245-4831-9DBF-4826552A6563}.Release|iPhone.ActiveCfg = Release|iPhone
		{2B979C99-F245-4831-9DBF-4826552A6563}.Release|iPhone.Build.0 = Release|iPhone
		{2B979C99-F245-4831-9DBF-4826552A6563}.Release|iPhone.Deploy.0 = Release|iPhone
		{2B979C99-F245-4831-9DBF-4826552A6563}.Release|iPhoneSimulator.ActiveCfg = Release|iPhoneSimulator
		{2B979C99-F245-4831-9DBF-4826552A6563}.Release|iPhoneSimulator.Build.0 = Release|iPhoneSimulator
		{2B979C99-F245-4831-9DBF-4826552A6563}.Release|iPhoneSimulator.Deploy.0 = Release|iPhoneSimulator
		{2B979C99-F245-4831-9DBF-4826552A6563}.Release|x64.ActiveCfg = Release|iPhone
		{2B979C99-F245-4831-9DBF-4826552A6563}.Release|x64.Build.0 = Release|iPhone
		{2B979C99-F245-4831-9DBF-4826552A6563}.Release|x64.Deploy.0 = Release|iPhone
		{2B979C99-F245-4831-9DBF-4826552A6563}.Release|x86.ActiveCfg = Release|iPhone
		{2B979C99-F245-4831-9DBF-4826552A6563}.Release|x86.Build.0 = Release|iPhone
		{2B979C99-F245-4831-9DBF-4826552A6563}.Release|x86.Deploy.0 = Release|iPhone
		{18CF7FCC-C9C8-4C8E-8590-09B21990A316}.Ad-Hoc|Any CPU.ActiveCfg = Release|x86
		{18CF7FCC-C9C8-4C8E-8590-09B21990A316}.Ad-Hoc|Any CPU.Build.0 = Release|x86
		{18CF7FCC-C9C8-4C8E-8590-09B21990A316}.Ad-Hoc|Any CPU.Deploy.0 = Release|x86
		{18CF7FCC-C9C8-4C8E-8590-09B21990A316}.Ad-Hoc|ARM.ActiveCfg = Release|ARM
		{18CF7FCC-C9C8-4C8E-8590-09B21990A316}.Ad-Hoc|ARM.Build.0 = Release|ARM
		{18CF7FCC-C9C8-4C8E-8590-09B21990A316}.Ad-Hoc|ARM.Deploy.0 = Release|ARM
		{18CF7FCC-C9C8-4C8E-8590-09B21990A316}.Ad-Hoc|iPhone.ActiveCfg = Release|x86
		{18CF7FCC-C9C8-4C8E-8590-09B21990A316}.Ad-Hoc|iPhone.Build.0 = Release|x86
		{18CF7FCC-C9C8-4C8E-8590-09B21990A316}.Ad-Hoc|iPhone.Deploy.0 = Release|x86
		{18CF7FCC-C9C8-4C8E-8590-09B21990A316}.Ad-Hoc|iPhoneSimulator.ActiveCfg = Release|x86
		{18CF7FCC-C9C8-4C8E-8590-09B21990A316}.Ad-Hoc|iPhoneSimulator.Build.0 = Release|x86
		{18CF7FCC-C9C8-4C8E-8590-09B21990A316}.Ad-Hoc|iPhoneSimulator.Deploy.0 = Release|x86
		{18CF7FCC-C9C8-4C8E-8590-09B21990A316}.Ad-Hoc|x64.ActiveCfg = Release|x64
		{18CF7FCC-C9C8-4C8E-8590-09B21990A316}.Ad-Hoc|x64.Build.0 = Release|x64
		{18CF7FCC-C9C8-4C8E-8590-09B21990A316}.Ad-Hoc|x64.Deploy.0 = Release|x64
		{18CF7FCC-C9C8-4C8E-8590-09B21990A316}.Ad-Hoc|x86.ActiveCfg = Release|x86
		{18CF7FCC-C9C8-4C8E-8590-09B21990A316}.Ad-Hoc|x86.Build.0 = Release|x86
		{18CF7FCC-C9C8-4C8E-8590-09B21990A316}.Ad-Hoc|x86.Deploy.0 = Release|x86
		{18CF7FCC-C9C8-4C8E-8590-09B21990A316}.AppStore|Any CPU.ActiveCfg = Release|x86
		{18CF7FCC-C9C8-4C8E-8590-09B21990A316}.AppStore|Any CPU.Build.0 = Release|x86
		{18CF7FCC-C9C8-4C8E-8590-09B21990A316}.AppStore|Any CPU.Deploy.0 = Release|x86
		{18CF7FCC-C9C8-4C8E-8590-09B21990A316}.AppStore|ARM.ActiveCfg = Release|ARM
		{18CF7FCC-C9C8-4C8E-8590-09B21990A316}.AppStore|ARM.Build.0 = Release|ARM
		{18CF7FCC-C9C8-4C8E-8590-09B21990A316}.AppStore|ARM.Deploy.0 = Release|ARM
		{18CF7FCC-C9C8-4C8E-8590-09B21990A316}.AppStore|iPhone.ActiveCfg = Release|x86
		{18CF7FCC-C9C8-4C8E-8590-09B21990A316}.AppStore|iPhone.Build.0 = Release|x86
		{18CF7FCC-C9C8-4C8E-8590-09B21990A316}.AppStore|iPhone.Deploy.0 = Release|x86
		{18CF7FCC-C9C8-4C8E-8590-09B21990A316}.AppStore|iPhoneSimulator.ActiveCfg = Release|x86
		{18CF7FCC-C9C8-4C8E-8590-09B21990A316}.AppStore|iPhoneSimulator.Build.0 = Release|x86
		{18CF7FCC-C9C8-4C8E-8590-09B21990A316}.AppStore|iPhoneSimulator.Deploy.0 = Release|x86
		{18CF7FCC-C9C8-4C8E-8590-09B21990A316}.AppStore|x64.ActiveCfg = Release|x64
		{18CF7FCC-C9C8-4C8E-8590-09B21990A316}.AppStore|x64.Build.0 = Release|x64
		{18CF7FCC-C9C8-4C8E-8590-09B21990A316}.AppStore|x64.Deploy.0 = Release|x64
		{18CF7FCC-C9C8-4C8E-8590-09B21990A316}.AppStore|x86.ActiveCfg = Release|x86
		{18CF7FCC-C9C8-4C8E-8590-09B21990A316}.AppStore|x86.Build.0 = Release|x86
		{18CF7FCC-C9C8-4C8E-8590-09B21990A316}.AppStore|x86.Deploy.0 = Release|x86
		{18CF7FCC-C9C8-4C8E-8590-09B21990A316}.Debug|Any CPU.ActiveCfg = Debug|x86
		{18CF7FCC-C9C8-4C8E-8590-09B21990A316}.Debug|Any CPU.Build.0 = Debug|x86
		{18CF7FCC-C9C8-4C8E-8590-09B21990A316}.Debug|Any CPU.Deploy.0 = Debug|x86
		{18CF7FCC-C9C8-4C8E-8590-09B21990A316}.Debug|ARM.ActiveCfg = Debug|ARM
		{18CF7FCC-C9C8-4C8E-8590-09B21990A316}.Debug|ARM.Build.0 = Debug|ARM
		{18CF7FCC-C9C8-4C8E-8590-09B21990A316}.Debug|ARM.Deploy.0 = Debug|ARM
		{18CF7FCC-C9C8-4C8E-8590-09B21990A316}.Debug|iPhone.ActiveCfg = Debug|x86
		{18CF7FCC-C9C8-4C8E-8590-09B21990A316}.Debug|iPhone.Build.0 = Debug|x86
		{18CF7FCC-C9C8-4C8E-8590-09B21990A316}.Debug|iPhone.Deploy.0 = Debug|x86
		{18CF7FCC-C9C8-4C8E-8590-09B21990A316}.Debug|iPhoneSimulator.ActiveCfg = Debug|x86
		{18CF7FCC-C9C8-4C8E-8590-09B21990A316}.Debug|iPhoneSimulator.Build.0 = Debug|x86
		{18CF7FCC-C9C8-4C8E-8590-09B21990A316}.Debug|iPhoneSimulator.Deploy.0 = Debug|x86
		{18CF7FCC-C9C8-4C8E-8590-09B21990A316}.Debug|x64.ActiveCfg = Debug|x64
		{18CF7FCC-C9C8-4C8E-8590-09B21990A316}.Debug|x64.Build.0 = Debug|x64
		{18CF7FCC-C9C8-4C8E-8590-09B21990A316}.Debug|x64.Deploy.0 = Debug|x64
		{18CF7FCC-C9C8-4C8E-8590-09B21990A316}.Debug|x86.ActiveCfg = Debug|x86
		{18CF7FCC-C9C8-4C8E-8590-09B21990A316}.Debug|x86.Build.0 = Debug|x86
		{18CF7FCC-C9C8-4C8E-8590-09B21990A316}.Debug|x86.Deploy.0 = Debug|x86
		{18CF7FCC-C9C8-4C8E-8590-09B21990A316}.Release|Any CPU.ActiveCfg = Release|x86
		{18CF7FCC-C9C8-4C8E-8590-09B21990A316}.Release|Any CPU.Build.0 = Release|x86
		{18CF7FCC-C9C8-4C8E-8590-09B21990A316}.Release|Any CPU.Deploy.0 = Release|x86
		{18CF7FCC-C9C8-4C8E-8590-09B21990A316}.Release|ARM.ActiveCfg = Release|ARM
		{18CF7FCC-C9C8-4C8E-8590-09B21990A316}.Release|ARM.Build.0 = Release|ARM
		{18CF7FCC-C9C8-4C8E-8590-09B21990A316}.Release|ARM.Deploy.0 = Release|ARM
		{18CF7FCC-C9C8-4C8E-8590-09B21990A316}.Release|iPhone.ActiveCfg = Release|x86
		{18CF7FCC-C9C8-4C8E-8590-09B21990A316}.Release|iPhone.Build.0 = Release|x86
		{18CF7FCC-C9C8-4C8E-8590-09B21990A316}.Release|iPhone.Deploy.0 = Release|x86
		{18CF7FCC-C9C8-4C8E-8590-09B21990A316}.Release|iPhoneSimulator.ActiveCfg = Release|x86
		{18CF7FCC-C9C8-4C8E-8590-09B21990A316}.Release|iPhoneSimulator.Build.0 = Release|x86
		{18CF7FCC-C9C8-4C8E-8590-09B21990A316}.Release|iPhoneSimulator.Deploy.0 = Release|x86
		{18CF7FCC-C9C8-4C8E-8590-09B21990A316}.Release|x64.ActiveCfg = Release|x64
		{18CF7FCC-C9C8-4C8E-8590-09B21990A316}.Release|x64.Build.0 = Release|x64
		{18CF7FCC-C9C8-4C8E-8590-09B21990A316}.Release|x64.Deploy.0 = Release|x64
		{18CF7FCC-C9C8-4C8E-8590-09B21990A316}.Release|x86.ActiveCfg = Release|x86
		{18CF7FCC-C9C8-4C8E-8590-09B21990A316}.Release|x86.Build.0 = Release|x86
		{18CF7FCC-C9C8-4C8E-8590-09B21990A316}.Release|x86.Deploy.0 = Release|x86
		{9E2D5BFA-E602-41BA-BCAF-FF81AEE7058A}.Ad-Hoc|Any CPU.ActiveCfg = Debug|Any CPU
		{9E2D5BFA-E602-41BA-BCAF-FF81AEE7058A}.Ad-Hoc|Any CPU.Build.0 = Debug|Any CPU
		{9E2D5BFA-E602-41BA-BCAF-FF81AEE7058A}.Ad-Hoc|Any CPU.Deploy.0 = Debug|Any CPU
		{9E2D5BFA-E602-41BA-BCAF-FF81AEE7058A}.Ad-Hoc|ARM.ActiveCfg = Debug|Any CPU
		{9E2D5BFA-E602-41BA-BCAF-FF81AEE7058A}.Ad-Hoc|ARM.Build.0 = Debug|Any CPU
		{9E2D5BFA-E602-41BA-BCAF-FF81AEE7058A}.Ad-Hoc|ARM.Deploy.0 = Debug|Any CPU
		{9E2D5BFA-E602-41BA-BCAF-FF81AEE7058A}.Ad-Hoc|iPhone.ActiveCfg = Debug|Any CPU
		{9E2D5BFA-E602-41BA-BCAF-FF81AEE7058A}.Ad-Hoc|iPhone.Build.0 = Debug|Any CPU
		{9E2D5BFA-E602-41BA-BCAF-FF81AEE7058A}.Ad-Hoc|iPhone.Deploy.0 = Debug|Any CPU
		{9E2D5BFA-E602-41BA-BCAF-FF81AEE7058A}.Ad-Hoc|iPhoneSimulator.ActiveCfg = Debug|Any CPU
		{9E2D5BFA-E602-41BA-BCAF-FF81AEE7058A}.Ad-Hoc|iPhoneSimulator.Build.0 = Debug|Any CPU
		{9E2D5BFA-E602-41BA-BCAF-FF81AEE7058A}.Ad-Hoc|iPhoneSimulator.Deploy.0 = Debug|Any CPU
		{9E2D5BFA-E602-41BA-BCAF-FF81AEE7058A}.Ad-Hoc|x64.ActiveCfg = Debug|Any CPU
		{9E2D5BFA-E602-41BA-BCAF-FF81AEE7058A}.Ad-Hoc|x64.Build.0 = Debug|Any CPU
		{9E2D5BFA-E602-41BA-BCAF-FF81AEE7058A}.Ad-Hoc|x64.Deploy.0 = Debug|Any CPU
		{9E2D5BFA-E602-41BA-BCAF-FF81AEE7058A}.Ad-Hoc|x86.ActiveCfg = Debug|Any CPU
		{9E2D5BFA-E602-41BA-BCAF-FF81AEE7058A}.Ad-Hoc|x86.Build.0 = Debug|Any CPU
		{9E2D5BFA-E602-41BA-BCAF-FF81AEE7058A}.Ad-Hoc|x86.Deploy.0 = Debug|Any CPU
		{9E2D5BFA-E602-41BA-BCAF-FF81AEE7058A}.AppStore|Any CPU.ActiveCfg = Debug|Any CPU
		{9E2D5BFA-E602-41BA-BCAF-FF81AEE7058A}.AppStore|Any CPU.Build.0 = Debug|Any CPU
		{9E2D5BFA-E602-41BA-BCAF-FF81AEE7058A}.AppStore|Any CPU.Deploy.0 = Debug|Any CPU
		{9E2D5BFA-E602-41BA-BCAF-FF81AEE7058A}.AppStore|ARM.ActiveCfg = Debug|Any CPU
		{9E2D5BFA-E602-41BA-BCAF-FF81AEE7058A}.AppStore|ARM.Build.0 = Debug|Any CPU
		{9E2D5BFA-E602-41BA-BCAF-FF81AEE7058A}.AppStore|ARM.Deploy.0 = Debug|Any CPU
		{9E2D5BFA-E602-41BA-BCAF-FF81AEE7058A}.AppStore|iPhone.ActiveCfg = Debug|Any CPU
		{9E2D5BFA-E602-41BA-BCAF-FF81AEE7058A}.AppStore|iPhone.Build.0 = Debug|Any CPU
		{9E2D5BFA-E602-41BA-BCAF-FF81AEE7058A}.AppStore|iPhone.Deploy.0 = Debug|Any CPU
		{9E2D5BFA-E602-41BA-BCAF-FF81AEE7058A}.AppStore|iPhoneSimulator.ActiveCfg = Debug|Any CPU
		{9E2D5BFA-E602-41BA-BCAF-FF81AEE7058A}.AppStore|iPhoneSimulator.Build.0 = Debug|Any CPU
		{9E2D5BFA-E602-41BA-BCAF-FF81AEE7058A}.AppStore|iPhoneSimulator.Deploy.0 = Debug|Any CPU
		{9E2D5BFA-E602-41BA-BCAF-FF81AEE7058A}.AppStore|x64.ActiveCfg = Debug|Any CPU
		{9E2D5BFA-E602-41BA-BCAF-FF81AEE7058A}.AppStore|x64.Build.0 = Debug|Any CPU
		{9E2D5BFA-E602-41BA-BCAF-FF81AEE7058A}.AppStore|x64.Deploy.0 = Debug|Any CPU
		{9E2D5BFA-E602-41BA-BCAF-FF81AEE7058A}.AppStore|x86.ActiveCfg = Debug|Any CPU
		{9E2D5BFA-E602-41BA-BCAF-FF81AEE7058A}.AppStore|x86.Build.0 = Debug|Any CPU
		{9E2D5BFA-E602-41BA-BCAF-FF81AEE7058A}.AppStore|x86.Deploy.0 = Debug|Any CPU
		{9E2D5BFA-E602-41BA-BCAF-FF81AEE7058A}.Debug|Any CPU.ActiveCfg = Debug|Any CPU
		{9E2D5BFA-E602-41BA-BCAF-FF81AEE7058A}.Debug|Any CPU.Build.0 = Debug|Any CPU
		{9E2D5BFA-E602-41BA-BCAF-FF81AEE7058A}.Debug|Any CPU.Deploy.0 = Debug|Any CPU
		{9E2D5BFA-E602-41BA-BCAF-FF81AEE7058A}.Debug|ARM.ActiveCfg = Debug|Any CPU
		{9E2D5BFA-E602-41BA-BCAF-FF81AEE7058A}.Debug|ARM.Build.0 = Debug|Any CPU
		{9E2D5BFA-E602-41BA-BCAF-FF81AEE7058A}.Debug|ARM.Deploy.0 = Debug|Any CPU
		{9E2D5BFA-E602-41BA-BCAF-FF81AEE7058A}.Debug|iPhone.ActiveCfg = Debug|Any CPU
		{9E2D5BFA-E602-41BA-BCAF-FF81AEE7058A}.Debug|iPhone.Build.0 = Debug|Any CPU
		{9E2D5BFA-E602-41BA-BCAF-FF81AEE7058A}.Debug|iPhone.Deploy.0 = Debug|Any CPU
		{9E2D5BFA-E602-41BA-BCAF-FF81AEE7058A}.Debug|iPhoneSimulator.ActiveCfg = Debug|Any CPU
		{9E2D5BFA-E602-41BA-BCAF-FF81AEE7058A}.Debug|iPhoneSimulator.Build.0 = Debug|Any CPU
		{9E2D5BFA-E602-41BA-BCAF-FF81AEE7058A}.Debug|iPhoneSimulator.Deploy.0 = Debug|Any CPU
		{9E2D5BFA-E602-41BA-BCAF-FF81AEE7058A}.Debug|x64.ActiveCfg = Debug|Any CPU
		{9E2D5BFA-E602-41BA-BCAF-FF81AEE7058A}.Debug|x64.Build.0 = Debug|Any CPU
		{9E2D5BFA-E602-41BA-BCAF-FF81AEE7058A}.Debug|x64.Deploy.0 = Debug|Any CPU
		{9E2D5BFA-E602-41BA-BCAF-FF81AEE7058A}.Debug|x86.ActiveCfg = Debug|Any CPU
		{9E2D5BFA-E602-41BA-BCAF-FF81AEE7058A}.Debug|x86.Build.0 = Debug|Any CPU
		{9E2D5BFA-E602-41BA-BCAF-FF81AEE7058A}.Debug|x86.Deploy.0 = Debug|Any CPU
		{9E2D5BFA-E602-41BA-BCAF-FF81AEE7058A}.Release|Any CPU.ActiveCfg = Release|Any CPU
		{9E2D5BFA-E602-41BA-BCAF-FF81AEE7058A}.Release|Any CPU.Build.0 = Release|Any CPU
		{9E2D5BFA-E602-41BA-BCAF-FF81AEE7058A}.Release|Any CPU.Deploy.0 = Release|Any CPU
		{9E2D5BFA-E602-41BA-BCAF-FF81AEE7058A}.Release|ARM.ActiveCfg = Release|Any CPU
		{9E2D5BFA-E602-41BA-BCAF-FF81AEE7058A}.Release|ARM.Build.0 = Release|Any CPU
		{9E2D5BFA-E602-41BA-BCAF-FF81AEE7058A}.Release|ARM.Deploy.0 = Release|Any CPU
		{9E2D5BFA-E602-41BA-BCAF-FF81AEE7058A}.Release|iPhone.ActiveCfg = Release|Any CPU
		{9E2D5BFA-E602-41BA-BCAF-FF81AEE7058A}.Release|iPhone.Build.0 = Release|Any CPU
		{9E2D5BFA-E602-41BA-BCAF-FF81AEE7058A}.Release|iPhone.Deploy.0 = Release|Any CPU
		{9E2D5BFA-E602-41BA-BCAF-FF81AEE7058A}.Release|iPhoneSimulator.ActiveCfg = Release|Any CPU
		{9E2D5BFA-E602-41BA-BCAF-FF81AEE7058A}.Release|iPhoneSimulator.Build.0 = Release|Any CPU
		{9E2D5BFA-E602-41BA-BCAF-FF81AEE7058A}.Release|iPhoneSimulator.Deploy.0 = Release|Any CPU
		{9E2D5BFA-E602-41BA-BCAF-FF81AEE7058A}.Release|x64.ActiveCfg = Release|Any CPU
		{9E2D5BFA-E602-41BA-BCAF-FF81AEE7058A}.Release|x64.Build.0 = Release|Any CPU
		{9E2D5BFA-E602-41BA-BCAF-FF81AEE7058A}.Release|x64.Deploy.0 = Release|Any CPU
		{9E2D5BFA-E602-41BA-BCAF-FF81AEE7058A}.Release|x86.ActiveCfg = Release|Any CPU
		{9E2D5BFA-E602-41BA-BCAF-FF81AEE7058A}.Release|x86.Build.0 = Release|Any CPU
		{9E2D5BFA-E602-41BA-BCAF-FF81AEE7058A}.Release|x86.Deploy.0 = Release|Any CPU
		{E76B3E7D-E0F3-4617-85F3-F565E98D9124}.Ad-Hoc|Any CPU.ActiveCfg = Release|Any CPU
		{E76B3E7D-E0F3-4617-85F3-F565E98D9124}.Ad-Hoc|Any CPU.Build.0 = Release|Any CPU
		{E76B3E7D-E0F3-4617-85F3-F565E98D9124}.Ad-Hoc|ARM.ActiveCfg = Release|Any CPU
		{E76B3E7D-E0F3-4617-85F3-F565E98D9124}.Ad-Hoc|ARM.Build.0 = Release|Any CPU
		{E76B3E7D-E0F3-4617-85F3-F565E98D9124}.Ad-Hoc|iPhone.ActiveCfg = Release|Any CPU
		{E76B3E7D-E0F3-4617-85F3-F565E98D9124}.Ad-Hoc|iPhone.Build.0 = Release|Any CPU
		{E76B3E7D-E0F3-4617-85F3-F565E98D9124}.Ad-Hoc|iPhoneSimulator.ActiveCfg = Release|Any CPU
		{E76B3E7D-E0F3-4617-85F3-F565E98D9124}.Ad-Hoc|iPhoneSimulator.Build.0 = Release|Any CPU
		{E76B3E7D-E0F3-4617-85F3-F565E98D9124}.Ad-Hoc|x64.ActiveCfg = Release|Any CPU
		{E76B3E7D-E0F3-4617-85F3-F565E98D9124}.Ad-Hoc|x64.Build.0 = Release|Any CPU
		{E76B3E7D-E0F3-4617-85F3-F565E98D9124}.Ad-Hoc|x86.ActiveCfg = Release|Any CPU
		{E76B3E7D-E0F3-4617-85F3-F565E98D9124}.Ad-Hoc|x86.Build.0 = Release|Any CPU
		{E76B3E7D-E0F3-4617-85F3-F565E98D9124}.AppStore|Any CPU.ActiveCfg = Release|Any CPU
		{E76B3E7D-E0F3-4617-85F3-F565E98D9124}.AppStore|Any CPU.Build.0 = Release|Any CPU
		{E76B3E7D-E0F3-4617-85F3-F565E98D9124}.AppStore|ARM.ActiveCfg = Release|Any CPU
		{E76B3E7D-E0F3-4617-85F3-F565E98D9124}.AppStore|ARM.Build.0 = Release|Any CPU
		{E76B3E7D-E0F3-4617-85F3-F565E98D9124}.AppStore|iPhone.ActiveCfg = Release|Any CPU
		{E76B3E7D-E0F3-4617-85F3-F565E98D9124}.AppStore|iPhone.Build.0 = Release|Any CPU
		{E76B3E7D-E0F3-4617-85F3-F565E98D9124}.AppStore|iPhoneSimulator.ActiveCfg = Release|Any CPU
		{E76B3E7D-E0F3-4617-85F3-F565E98D9124}.AppStore|iPhoneSimulator.Build.0 = Release|Any CPU
		{E76B3E7D-E0F3-4617-85F3-F565E98D9124}.AppStore|x64.ActiveCfg = Release|Any CPU
		{E76B3E7D-E0F3-4617-85F3-F565E98D9124}.AppStore|x64.Build.0 = Release|Any CPU
		{E76B3E7D-E0F3-4617-85F3-F565E98D9124}.AppStore|x86.ActiveCfg = Release|Any CPU
		{E76B3E7D-E0F3-4617-85F3-F565E98D9124}.AppStore|x86.Build.0 = Release|Any CPU
		{E76B3E7D-E0F3-4617-85F3-F565E98D9124}.Debug|Any CPU.ActiveCfg = Debug|Any CPU
		{E76B3E7D-E0F3-4617-85F3-F565E98D9124}.Debug|Any CPU.Build.0 = Debug|Any CPU
		{E76B3E7D-E0F3-4617-85F3-F565E98D9124}.Debug|ARM.ActiveCfg = Debug|Any CPU
		{E76B3E7D-E0F3-4617-85F3-F565E98D9124}.Debug|ARM.Build.0 = Debug|Any CPU
		{E76B3E7D-E0F3-4617-85F3-F565E98D9124}.Debug|iPhone.ActiveCfg = Debug|Any CPU
		{E76B3E7D-E0F3-4617-85F3-F565E98D9124}.Debug|iPhone.Build.0 = Debug|Any CPU
		{E76B3E7D-E0F3-4617-85F3-F565E98D9124}.Debug|iPhoneSimulator.ActiveCfg = Debug|Any CPU
		{E76B3E7D-E0F3-4617-85F3-F565E98D9124}.Debug|iPhoneSimulator.Build.0 = Debug|Any CPU
		{E76B3E7D-E0F3-4617-85F3-F565E98D9124}.Debug|x64.ActiveCfg = Debug|Any CPU
		{E76B3E7D-E0F3-4617-85F3-F565E98D9124}.Debug|x64.Build.0 = Debug|Any CPU
		{E76B3E7D-E0F3-4617-85F3-F565E98D9124}.Debug|x86.ActiveCfg = Debug|Any CPU
		{E76B3E7D-E0F3-4617-85F3-F565E98D9124}.Debug|x86.Build.0 = Debug|Any CPU
		{E76B3E7D-E0F3-4617-85F3-F565E98D9124}.Release|Any CPU.ActiveCfg = Release|Any CPU
		{E76B3E7D-E0F3-4617-85F3-F565E98D9124}.Release|Any CPU.Build.0 = Release|Any CPU
		{E76B3E7D-E0F3-4617-85F3-F565E98D9124}.Release|ARM.ActiveCfg = Release|Any CPU
		{E76B3E7D-E0F3-4617-85F3-F565E98D9124}.Release|ARM.Build.0 = Release|Any CPU
		{E76B3E7D-E0F3-4617-85F3-F565E98D9124}.Release|iPhone.ActiveCfg = Release|Any CPU
		{E76B3E7D-E0F3-4617-85F3-F565E98D9124}.Release|iPhone.Build.0 = Release|Any CPU
		{E76B3E7D-E0F3-4617-85F3-F565E98D9124}.Release|iPhoneSimulator.ActiveCfg = Release|Any CPU
		{E76B3E7D-E0F3-4617-85F3-F565E98D9124}.Release|iPhoneSimulator.Build.0 = Release|Any CPU
		{E76B3E7D-E0F3-4617-85F3-F565E98D9124}.Release|x64.ActiveCfg = Release|Any CPU
		{E76B3E7D-E0F3-4617-85F3-F565E98D9124}.Release|x64.Build.0 = Release|Any CPU
		{E76B3E7D-E0F3-4617-85F3-F565E98D9124}.Release|x86.ActiveCfg = Release|Any CPU
		{E76B3E7D-E0F3-4617-85F3-F565E98D9124}.Release|x86.Build.0 = Release|Any CPU
	EndGlobalSection
	GlobalSection(SolutionProperties) = preSolution
		HideSolutionNode = FALSE
	EndGlobalSection
	GlobalSection(ExtensibilityGlobals) = postSolution
		SolutionGuid = {1973486B-6D0E-4CBE-844A-6CC312ED8FB4}
	EndGlobalSection
EndGlobal
